// !$*UTF8*$!
{
	archiveVersion = 1;
	classes = {
	};
	objectVersion = 56;
	objects = {

/* Begin PBXBuildFile section */
		9DACB7302C725AE9003716A9 /* myHelperApp.swift in Sources */ = {isa = PBXBuildFile; fileRef = 9DACB72F2C725AE9003716A9 /* myHelperApp.swift */; };
		9DACB7322C725AE9003716A9 /* ContentView.swift in Sources */ = {isa = PBXBuildFile; fileRef = 9DACB7312C725AE9003716A9 /* ContentView.swift */; };
		9DACB7342C725AEA003716A9 /* Assets.xcassets in Resources */ = {isa = PBXBuildFile; fileRef = 9DACB7332C725AEA003716A9 /* Assets.xcassets */; };
		9DACB7372C725AEA003716A9 /* Preview Assets.xcassets in Resources */ = {isa = PBXBuildFile; fileRef = 9DACB7362C725AEA003716A9 /* Preview Assets.xcassets */; };
		9DACB7452C7261EF003716A9 /* FoodDiaryView.swift in Sources */ = {isa = PBXBuildFile; fileRef = 9DACB7442C7261EF003716A9 /* FoodDiaryView.swift */; };
		9DACB7472C7261FC003716A9 /* FoodDiaryViewModel.swift in Sources */ = {isa = PBXBuildFile; fileRef = 9DACB7462C7261FC003716A9 /* FoodDiaryViewModel.swift */; };
		9DACB7492C726D3D003716A9 /* SettingsView.swift in Sources */ = {isa = PBXBuildFile; fileRef = 9DACB7482C726D3D003716A9 /* SettingsView.swift */; };
		9DACB74B2C726D49003716A9 /* SettingsViewModel.swift in Sources */ = {isa = PBXBuildFile; fileRef = 9DACB74A2C726D49003716A9 /* SettingsViewModel.swift */; };
		9DACB74E2C727077003716A9 /* DailySummaryView.swift in Sources */ = {isa = PBXBuildFile; fileRef = 9DACB74D2C727077003716A9 /* DailySummaryView.swift */; };
/* End PBXBuildFile section */

/* Begin PBXFileReference section */
		9DACB72C2C725AE9003716A9 /* myHelper.app */ = {isa = PBXFileReference; explicitFileType = wrapper.application; includeInIndex = 0; path = myHelper.app; sourceTree = BUILT_PRODUCTS_DIR; };
		9DACB72F2C725AE9003716A9 /* myHelperApp.swift */ = {isa = PBXFileReference; lastKnownFileType = sourcecode.swift; path = myHelperApp.swift; sourceTree = "<group>"; };
		9DACB7312C725AE9003716A9 /* ContentView.swift */ = {isa = PBXFileReference; lastKnownFileType = sourcecode.swift; path = ContentView.swift; sourceTree = "<group>"; };
		9DACB7332C725AEA003716A9 /* Assets.xcassets */ = {isa = PBXFileReference; lastKnownFileType = folder.assetcatalog; path = Assets.xcassets; sourceTree = "<group>"; };
		9DACB7362C725AEA003716A9 /* Preview Assets.xcassets */ = {isa = PBXFileReference; lastKnownFileType = folder.assetcatalog; path = "Preview Assets.xcassets"; sourceTree = "<group>"; };
		9DACB7442C7261EF003716A9 /* FoodDiaryView.swift */ = {isa = PBXFileReference; lastKnownFileType = sourcecode.swift; path = FoodDiaryView.swift; sourceTree = "<group>"; };
		9DACB7462C7261FC003716A9 /* FoodDiaryViewModel.swift */ = {isa = PBXFileReference; lastKnownFileType = sourcecode.swift; path = FoodDiaryViewModel.swift; sourceTree = "<group>"; };
		9DACB7482C726D3D003716A9 /* SettingsView.swift */ = {isa = PBXFileReference; lastKnownFileType = sourcecode.swift; path = SettingsView.swift; sourceTree = "<group>"; };
		9DACB74A2C726D49003716A9 /* SettingsViewModel.swift */ = {isa = PBXFileReference; lastKnownFileType = sourcecode.swift; path = SettingsViewModel.swift; sourceTree = "<group>"; };
		9DACB74D2C727077003716A9 /* DailySummaryView.swift */ = {isa = PBXFileReference; lastKnownFileType = sourcecode.swift; path = DailySummaryView.swift; sourceTree = "<group>"; };
/* End PBXFileReference section */

/* Begin PBXFrameworksBuildPhase section */
		9DACB7292C725AE9003716A9 /* Frameworks */ = {
			isa = PBXFrameworksBuildPhase;
			buildActionMask = 2147483647;
			files = (
			);
			runOnlyForDeploymentPostprocessing = 0;
		};
/* End PBXFrameworksBuildPhase section */

/* Begin PBXGroup section */
		9DACB7232C725AE9003716A9 = {
			isa = PBXGroup;
			children = (
				9DACB72E2C725AE9003716A9 /* myHelper */,
				9DACB72D2C725AE9003716A9 /* Products */,
			);
			sourceTree = "<group>";
		};
		9DACB72D2C725AE9003716A9 /* Products */ = {
			isa = PBXGroup;
			children = (
				9DACB72C2C725AE9003716A9 /* myHelper.app */,
			);
			name = Products;
			sourceTree = "<group>";
		};
		9DACB72E2C725AE9003716A9 /* myHelper */ = {
			isa = PBXGroup;
			children = (
				9DACB73E2C725C1E003716A9 /* Application */,
				9DACB73F2C725C3C003716A9 /* Presentation */,
				9DACB7402C725C95003716A9 /* Data */,
				9DACB73D2C725BDA003716A9 /* Resources */,
			);
			path = myHelper;
			sourceTree = "<group>";
		};
		9DACB7352C725AEA003716A9 /* Preview Content */ = {
			isa = PBXGroup;
			children = (
				9DACB7362C725AEA003716A9 /* Preview Assets.xcassets */,
			);
			path = "Preview Content";
			sourceTree = "<group>";
		};
		9DACB73D2C725BDA003716A9 /* Resources */ = {
			isa = PBXGroup;
			children = (
				9DACB7332C725AEA003716A9 /* Assets.xcassets */,
				9DACB7352C725AEA003716A9 /* Preview Content */,
			);
			path = Resources;
			sourceTree = "<group>";
		};
		9DACB73E2C725C1E003716A9 /* Application */ = {
			isa = PBXGroup;
			children = (
				9DACB72F2C725AE9003716A9 /* myHelperApp.swift */,
			);
			path = Application;
			sourceTree = "<group>";
		};
		9DACB73F2C725C3C003716A9 /* Presentation */ = {
			isa = PBXGroup;
			children = (
				9DACB7312C725AE9003716A9 /* ContentView.swift */,
				9DACB7432C726011003716A9 /* FoodDiary */,
				9DACB7422C725FC5003716A9 /* Settings */,
			);
			path = Presentation;
			sourceTree = "<group>";
		};
		9DACB7402C725C95003716A9 /* Data */ = {
			isa = PBXGroup;
			children = (
				9DACB7412C725CB3003716A9 /* Services */,
			);
			path = Data;
			sourceTree = "<group>";
		};
		9DACB7412C725CB3003716A9 /* Services */ = {
			isa = PBXGroup;
			children = (
			);
			path = Services;
			sourceTree = "<group>";
		};
		9DACB7422C725FC5003716A9 /* Settings */ = {
			isa = PBXGroup;
			children = (
				9DACB7482C726D3D003716A9 /* SettingsView.swift */,
				9DACB74A2C726D49003716A9 /* SettingsViewModel.swift */,
			);
			path = Settings;
			sourceTree = "<group>";
		};
		9DACB7432C726011003716A9 /* FoodDiary */ = {
			isa = PBXGroup;
			children = (
				9DACB74C2C72703C003716A9 /* SubViews */,
				9DACB7442C7261EF003716A9 /* FoodDiaryView.swift */,
				9DACB7462C7261FC003716A9 /* FoodDiaryViewModel.swift */,
			);
			path = FoodDiary;
			sourceTree = "<group>";
		};
		9DACB74C2C72703C003716A9 /* SubViews */ = {
			isa = PBXGroup;
			children = (
				9DACB74D2C727077003716A9 /* DailySummaryView.swift */,
			);
			path = SubViews;
			sourceTree = "<group>";
		};
/* End PBXGroup section */

/* Begin PBXNativeTarget section */
		9DACB72B2C725AE9003716A9 /* myHelper */ = {
			isa = PBXNativeTarget;
			buildConfigurationList = 9DACB73A2C725AEA003716A9 /* Build configuration list for PBXNativeTarget "myHelper" */;
			buildPhases = (
				9DACB7282C725AE9003716A9 /* Sources */,
				9DACB7292C725AE9003716A9 /* Frameworks */,
				9DACB72A2C725AE9003716A9 /* Resources */,
			);
			buildRules = (
			);
			dependencies = (
			);
			name = myHelper;
			productName = myHelper;
			productReference = 9DACB72C2C725AE9003716A9 /* myHelper.app */;
			productType = "com.apple.product-type.application";
		};
/* End PBXNativeTarget section */

/* Begin PBXProject section */
		9DACB7242C725AE9003716A9 /* Project object */ = {
			isa = PBXProject;
			attributes = {
				BuildIndependentTargetsInParallel = 1;
				LastSwiftUpdateCheck = 1540;
				LastUpgradeCheck = 1540;
				TargetAttributes = {
					9DACB72B2C725AE9003716A9 = {
						CreatedOnToolsVersion = 15.4;
					};
				};
			};
			buildConfigurationList = 9DACB7272C725AE9003716A9 /* Build configuration list for PBXProject "myHelper" */;
			compatibilityVersion = "Xcode 14.0";
			developmentRegion = en;
			hasScannedForEncodings = 0;
			knownRegions = (
				en,
				Base,
			);
			mainGroup = 9DACB7232C725AE9003716A9;
			productRefGroup = 9DACB72D2C725AE9003716A9 /* Products */;
			projectDirPath = "";
			projectRoot = "";
			targets = (
				9DACB72B2C725AE9003716A9 /* myHelper */,
			);
		};
/* End PBXProject section */

/* Begin PBXResourcesBuildPhase section */
		9DACB72A2C725AE9003716A9 /* Resources */ = {
			isa = PBXResourcesBuildPhase;
			buildActionMask = 2147483647;
			files = (
				9DACB7372C725AEA003716A9 /* Preview Assets.xcassets in Resources */,
				9DACB7342C725AEA003716A9 /* Assets.xcassets in Resources */,
			);
			runOnlyForDeploymentPostprocessing = 0;
		};
/* End PBXResourcesBuildPhase section */

/* Begin PBXSourcesBuildPhase section */
		9DACB7282C725AE9003716A9 /* Sources */ = {
			isa = PBXSourcesBuildPhase;
			buildActionMask = 2147483647;
			files = (
				9DACB7492C726D3D003716A9 /* SettingsView.swift in Sources */,
				9DACB7472C7261FC003716A9 /* FoodDiaryViewModel.swift in Sources */,
				9DACB7322C725AE9003716A9 /* ContentView.swift in Sources */,
				9DACB74E2C727077003716A9 /* DailySummaryView.swift in Sources */,
				9DACB7452C7261EF003716A9 /* FoodDiaryView.swift in Sources */,
				9DACB7302C725AE9003716A9 /* myHelperApp.swift in Sources */,
				9DACB74B2C726D49003716A9 /* SettingsViewModel.swift in Sources */,
			);
			runOnlyForDeploymentPostprocessing = 0;
		};
/* End PBXSourcesBuildPhase section */

/* Begin XCBuildConfiguration section */
		9DACB7382C725AEA003716A9 /* Debug */ = {
			isa = XCBuildConfiguration;
			buildSettings = {
				ALWAYS_SEARCH_USER_PATHS = NO;
				ASSETCATALOG_COMPILER_GENERATE_SWIFT_ASSET_SYMBOL_EXTENSIONS = YES;
				CLANG_ANALYZER_NONNULL = YES;
				CLANG_ANALYZER_NUMBER_OBJECT_CONVERSION = YES_AGGRESSIVE;
				CLANG_CXX_LANGUAGE_STANDARD = "gnu++20";
				CLANG_ENABLE_MODULES = YES;
				CLANG_ENABLE_OBJC_ARC = YES;
				CLANG_ENABLE_OBJC_WEAK = YES;
				CLANG_WARN_BLOCK_CAPTURE_AUTORELEASING = YES;
				CLANG_WARN_BOOL_CONVERSION = YES;
				CLANG_WARN_COMMA = YES;
				CLANG_WARN_CONSTANT_CONVERSION = YES;
				CLANG_WARN_DEPRECATED_OBJC_IMPLEMENTATIONS = YES;
				CLANG_WARN_DIRECT_OBJC_ISA_USAGE = YES_ERROR;
				CLANG_WARN_DOCUMENTATION_COMMENTS = YES;
				CLANG_WARN_EMPTY_BODY = YES;
				CLANG_WARN_ENUM_CONVERSION = YES;
				CLANG_WARN_INFINITE_RECURSION = YES;
				CLANG_WARN_INT_CONVERSION = YES;
				CLANG_WARN_NON_LITERAL_NULL_CONVERSION = YES;
				CLANG_WARN_OBJC_IMPLICIT_RETAIN_SELF = YES;
				CLANG_WARN_OBJC_LITERAL_CONVERSION = YES;
				CLANG_WARN_OBJC_ROOT_CLASS = YES_ERROR;
				CLANG_WARN_QUOTED_INCLUDE_IN_FRAMEWORK_HEADER = YES;
				CLANG_WARN_RANGE_LOOP_ANALYSIS = YES;
				CLANG_WARN_STRICT_PROTOTYPES = YES;
				CLANG_WARN_SUSPICIOUS_MOVE = YES;
				CLANG_WARN_UNGUARDED_AVAILABILITY = YES_AGGRESSIVE;
				CLANG_WARN_UNREACHABLE_CODE = YES;
				CLANG_WARN__DUPLICATE_METHOD_MATCH = YES;
				COPY_PHASE_STRIP = NO;
				DEBUG_INFORMATION_FORMAT = dwarf;
				ENABLE_STRICT_OBJC_MSGSEND = YES;
				ENABLE_TESTABILITY = YES;
				ENABLE_USER_SCRIPT_SANDBOXING = YES;
				GCC_C_LANGUAGE_STANDARD = gnu17;
				GCC_DYNAMIC_NO_PIC = NO;
				GCC_NO_COMMON_BLOCKS = YES;
				GCC_OPTIMIZATION_LEVEL = 0;
				GCC_PREPROCESSOR_DEFINITIONS = (
					"DEBUG=1",
					"$(inherited)",
				);
				GCC_WARN_64_TO_32_BIT_CONVERSION = YES;
				GCC_WARN_ABOUT_RETURN_TYPE = YES_ERROR;
				GCC_WARN_UNDECLARED_SELECTOR = YES;
				GCC_WARN_UNINITIALIZED_AUTOS = YES_AGGRESSIVE;
				GCC_WARN_UNUSED_FUNCTION = YES;
				GCC_WARN_UNUSED_VARIABLE = YES;
				IPHONEOS_DEPLOYMENT_TARGET = 17.5;
				LOCALIZATION_PREFERS_STRING_CATALOGS = YES;
				MTL_ENABLE_DEBUG_INFO = INCLUDE_SOURCE;
				MTL_FAST_MATH = YES;
				ONLY_ACTIVE_ARCH = YES;
				SDKROOT = iphoneos;
				SWIFT_ACTIVE_COMPILATION_CONDITIONS = "DEBUG $(inherited)";
				SWIFT_OPTIMIZATION_LEVEL = "-Onone";
			};
			name = Debug;
		};
		9DACB7392C725AEA003716A9 /* Release */ = {
			isa = XCBuildConfiguration;
			buildSettings = {
				ALWAYS_SEARCH_USER_PATHS = NO;
				ASSETCATALOG_COMPILER_GENERATE_SWIFT_ASSET_SYMBOL_EXTENSIONS = YES;
				CLANG_ANALYZER_NONNULL = YES;
				CLANG_ANALYZER_NUMBER_OBJECT_CONVERSION = YES_AGGRESSIVE;
				CLANG_CXX_LANGUAGE_STANDARD = "gnu++20";
				CLANG_ENABLE_MODULES = YES;
				CLANG_ENABLE_OBJC_ARC = YES;
				CLANG_ENABLE_OBJC_WEAK = YES;
				CLANG_WARN_BLOCK_CAPTURE_AUTORELEASING = YES;
				CLANG_WARN_BOOL_CONVERSION = YES;
				CLANG_WARN_COMMA = YES;
				CLANG_WARN_CONSTANT_CONVERSION = YES;
				CLANG_WARN_DEPRECATED_OBJC_IMPLEMENTATIONS = YES;
				CLANG_WARN_DIRECT_OBJC_ISA_USAGE = YES_ERROR;
				CLANG_WARN_DOCUMENTATION_COMMENTS = YES;
				CLANG_WARN_EMPTY_BODY = YES;
				CLANG_WARN_ENUM_CONVERSION = YES;
				CLANG_WARN_INFINITE_RECURSION = YES;
				CLANG_WARN_INT_CONVERSION = YES;
				CLANG_WARN_NON_LITERAL_NULL_CONVERSION = YES;
				CLANG_WARN_OBJC_IMPLICIT_RETAIN_SELF = YES;
				CLANG_WARN_OBJC_LITERAL_CONVERSION = YES;
				CLANG_WARN_OBJC_ROOT_CLASS = YES_ERROR;
				CLANG_WARN_QUOTED_INCLUDE_IN_FRAMEWORK_HEADER = YES;
				CLANG_WARN_RANGE_LOOP_ANALYSIS = YES;
				CLANG_WARN_STRICT_PROTOTYPES = YES;
				CLANG_WARN_SUSPICIOUS_MOVE = YES;
				CLANG_WARN_UNGUARDED_AVAILABILITY = YES_AGGRESSIVE;
				CLANG_WARN_UNREACHABLE_CODE = YES;
				CLANG_WARN__DUPLICATE_METHOD_MATCH = YES;
				COPY_PHASE_STRIP = NO;
				DEBUG_INFORMATION_FORMAT = "dwarf-with-dsym";
				ENABLE_NS_ASSERTIONS = NO;
				ENABLE_STRICT_OBJC_MSGSEND = YES;
				ENABLE_USER_SCRIPT_SANDBOXING = YES;
				GCC_C_LANGUAGE_STANDARD = gnu17;
				GCC_NO_COMMON_BLOCKS = YES;
				GCC_WARN_64_TO_32_BIT_CONVERSION = YES;
				GCC_WARN_ABOUT_RETURN_TYPE = YES_ERROR;
				GCC_WARN_UNDECLARED_SELECTOR = YES;
				GCC_WARN_UNINITIALIZED_AUTOS = YES_AGGRESSIVE;
				GCC_WARN_UNUSED_FUNCTION = YES;
				GCC_WARN_UNUSED_VARIABLE = YES;
				IPHONEOS_DEPLOYMENT_TARGET = 17.5;
				LOCALIZATION_PREFERS_STRING_CATALOGS = YES;
				MTL_ENABLE_DEBUG_INFO = NO;
				MTL_FAST_MATH = YES;
				SDKROOT = iphoneos;
				SWIFT_COMPILATION_MODE = wholemodule;
				VALIDATE_PRODUCT = YES;
			};
			name = Release;
		};
		9DACB73B2C725AEA003716A9 /* Debug */ = {
			isa = XCBuildConfiguration;
			buildSettings = {
				ASSETCATALOG_COMPILER_APPICON_NAME = AppIcon;
				ASSETCATALOG_COMPILER_GLOBAL_ACCENT_COLOR_NAME = AccentColor;
				CODE_SIGN_STYLE = Automatic;
				CURRENT_PROJECT_VERSION = 1;
				DEVELOPMENT_ASSET_PATHS = "\"myHelper/Resources/Preview Content\"";
				DEVELOPMENT_TEAM = P2LBNZ3DVN;
				ENABLE_PREVIEWS = YES;
				GENERATE_INFOPLIST_FILE = YES;
				INFOPLIST_KEY_UIApplicationSceneManifest_Generation = YES;
				INFOPLIST_KEY_UIApplicationSupportsIndirectInputEvents = YES;
				INFOPLIST_KEY_UILaunchScreen_Generation = YES;
				INFOPLIST_KEY_UISupportedInterfaceOrientations = UIInterfaceOrientationPortrait;
				INFOPLIST_KEY_UISupportedInterfaceOrientations_iPad = "UIInterfaceOrientationLandscapeLeft UIInterfaceOrientationLandscapeRight UIInterfaceOrientationPortrait UIInterfaceOrientationPortraitUpsideDown";
				IPHONEOS_DEPLOYMENT_TARGET = 16.0;
				LD_RUNPATH_SEARCH_PATHS = (
					"$(inherited)",
					"@executable_path/Frameworks",
				);
				MARKETING_VERSION = 0.1;
				PRODUCT_BUNDLE_IDENTIFIER = "Banin-Andrey.myHelper";
				PRODUCT_NAME = "$(TARGET_NAME)";
				SUPPORTED_PLATFORMS = "iphoneos iphonesimulator";
				SUPPORTS_MACCATALYST = NO;
				SUPPORTS_MAC_DESIGNED_FOR_IPHONE_IPAD = NO;
				SUPPORTS_XR_DESIGNED_FOR_IPHONE_IPAD = NO;
				SWIFT_EMIT_LOC_STRINGS = YES;
				SWIFT_VERSION = 5.0;
				TARGETED_DEVICE_FAMILY = 1;
			};
			name = Debug;
		};
		9DACB73C2C725AEA003716A9 /* Release */ = {
			isa = XCBuildConfiguration;
			buildSettings = {
				ASSETCATALOG_COMPILER_APPICON_NAME = AppIcon;
				ASSETCATALOG_COMPILER_GLOBAL_ACCENT_COLOR_NAME = AccentColor;
				CODE_SIGN_STYLE = Automatic;
				CURRENT_PROJECT_VERSION = 1;
				DEVELOPMENT_ASSET_PATHS = "\"myHelper/Resources/Preview Content\"";
				DEVELOPMENT_TEAM = P2LBNZ3DVN;
				ENABLE_PREVIEWS = YES;
				GENERATE_INFOPLIST_FILE = YES;
				INFOPLIST_KEY_UIApplicationSceneManifest_Generation = YES;
				INFOPLIST_KEY_UIApplicationSupportsIndirectInputEvents = YES;
				INFOPLIST_KEY_UILaunchScreen_Generation = YES;
				INFOPLIST_KEY_UISupportedInterfaceOrientations = UIInterfaceOrientationPortrait;
				INFOPLIST_KEY_UISupportedInterfaceOrientations_iPad = "UIInterfaceOrientationLandscapeLeft UIInterfaceOrientationLandscapeRight UIInterfaceOrientationPortrait UIInterfaceOrientationPortraitUpsideDown";
				IPHONEOS_DEPLOYMENT_TARGET = 16.0;
				LD_RUNPATH_SEARCH_PATHS = (
					"$(inherited)",
					"@executable_path/Frameworks",
				);
				MARKETING_VERSION = 0.1;
				PRODUCT_BUNDLE_IDENTIFIER = "Banin-Andrey.myHelper";
				PRODUCT_NAME = "$(TARGET_NAME)";
				SUPPORTED_PLATFORMS = "iphoneos iphonesimulator";
				SUPPORTS_MACCATALYST = NO;
				SUPPORTS_MAC_DESIGNED_FOR_IPHONE_IPAD = NO;
				SUPPORTS_XR_DESIGNED_FOR_IPHONE_IPAD = NO;
				SWIFT_EMIT_LOC_STRINGS = YES;
				SWIFT_VERSION = 5.0;
				TARGETED_DEVICE_FAMILY = 1;
			};
			name = Release;
		};
/* End XCBuildConfiguration section */

/* Begin XCConfigurationList section */
		9DACB7272C725AE9003716A9 /* Build configuration list for PBXProject "myHelper" */ = {
			isa = XCConfigurationList;
			buildConfigurations = (
				9DACB7382C725AEA003716A9 /* Debug */,
				9DACB7392C725AEA003716A9 /* Release */,
			);
			defaultConfigurationIsVisible = 0;
			defaultConfigurationName = Release;
		};
		9DACB73A2C725AEA003716A9 /* Build configuration list for PBXNativeTarget "myHelper" */ = {
			isa = XCConfigurationList;
			buildConfigurations = (
				9DACB73B2C725AEA003716A9 /* Debug */,
				9DACB73C2C725AEA003716A9 /* Release */,
			);
			defaultConfigurationIsVisible = 0;
			defaultConfigurationName = Release;
		};
/* End XCConfigurationList section */
	};
	rootObject = 9DACB7242C725AE9003716A9 /* Project object */;
}
